{
  "version": 1,
  "dependencies": {
    "net10.0": {
      "DalamudPackager": {
        "type": "Direct",
        "requested": "[14.0.1, )",
        "resolved": "14.0.1",
        "contentHash": "y0WWyUE6dhpGdolK3iKgwys05/nZaVf4ZPtIjpLhJBZvHxkkiE23zYRo7K7uqAgoK/QvK5cqF6l3VG5AbgC6KA=="
      },
      "DotNet.ReproducibleBuilds": {
        "type": "Direct",
        "requested": "[1.2.39, )",
        "resolved": "1.2.39",
        "contentHash": "fcFN01tDTIQqDuTwr1jUQK/geofiwjG5DycJQOnC72i1SsLAk1ELe+apBOuZ11UMQG8YKFZG1FgvjZPbqHyatg=="
      },
      "H.Formatters.Newtonsoft.Json": {
        "type": "Direct",
        "requested": "[15.0.1-dev.3, )",
        "resolved": "15.0.1-dev.3",
        "contentHash": "Y/98ATydy94tZAdA1AsLx7EcWc/WGDwOq7C0zLo1XijlR0PtT9G5s79RDJsJV1CmFobM/e+qUIrbZkU0uHAYkA==",
        "dependencies": {
          "H.Formatters": "15.0.1-dev.3",
          "Newtonsoft.Json": "13.0.3"
        }
      },
      "H.Pipes.AccessControl": {
        "type": "Direct",
        "requested": "[15.0.1-dev.3, )",
        "resolved": "15.0.1-dev.3",
        "contentHash": "yCKepyya6KqDStHAawRpe/pg4ftVGcRSZajQkEHUoN1sslwdApaHaKgU+u1mGI2fsbFSyK6n+5b7QVQwsodbkg==",
        "dependencies": {
          "H.Pipes": "15.0.1-dev.3",
          "NamedPipeServerStream.NetFrameworkVersion": "1.1.13"
        }
      },
      "Newtonsoft.Json": {
        "type": "Direct",
        "requested": "[13.0.4, )",
        "resolved": "13.0.4",
        "contentHash": "pdgNNMai3zv51W5aq268sujXUyx7SNdE2bj1wZcWjAQrKMFZV260lbqYop1d2GM67JI1huLRwxo9ZqnfF/lC6A=="
      },
      "H.Formatters": {
        "type": "Transitive",
        "resolved": "15.0.1-dev.3",
        "contentHash": "JuuRez804Xz4ooqxG1e9C+y9fslR8nAPvmXNJa4KbHnVyt6FwAgEJhXNh3XeapxqXhB1HFHc1DQk3oHc34cHhA=="
      },
      "H.Formatters.System.Text.Json": {
        "type": "Transitive",
        "resolved": "15.0.1-dev.3",
        "contentHash": "+cPkcaERvi7CL35/z6BytxjtkRt05hpnGbxnB25Fq8WRT7w0opgbsQKZiUq2/mfuBSSxJFo87Kdghu/jGX4EPQ==",
        "dependencies": {
          "H.Formatters": "15.0.1-dev.3"
        }
      },
      "H.Pipes": {
        "type": "Transitive",
        "resolved": "15.0.1-dev.3",
        "contentHash": "T1tKro9/+P0gIRr5K+7i6ijJ56VRaUqe5UmQodhKjSUFWUl1lpH9InB6g9peSEmRos7s/6O17WYaUSA80LvciA==",
        "dependencies": {
          "H.Formatters.System.Text.Json": "15.0.1-dev.3"
        }
      },
      "NamedPipeServerStream.NetFrameworkVersion": {
        "type": "Transitive",
        "resolved": "1.1.13",
        "contentHash": "F/j8Vs2CkK9BT6gOAJNmcUuf1DfCB7jF+rg6yiYMV1au8WDpuaasaehph/FFfN/2H+8hkXptEDWo1Ts24EVmPg=="
      }
    }
  }
}